
Microsoft Visual Studio Solution File, Format Version 12.00
# Visual Studio Version 17
VisualStudioVersion = 17.7.34221.43
MinimumVisualStudioVersion = 10.0.40219.1
Project("{FAE04EC0-301F-11D3-BF4B-00C04F79EFBC}") = "QuickSort_InCSharp", "QuickSort_InCSharp\QuickSort_InCSharp.csproj", "{2DD93707-B32A-4593-9B10-EBB64517E386}"
EndProject
Global
	GlobalSection(SolutionConfigurationPlatforms) = preSolution
		Debug|Any CPU = Debug|Any CPU
		Release|Any CPU = Release|Any CPU
	EndGlobalSection
	GlobalSection(ProjectConfigurationPlatforms) = postSolution
		{2DD93707-B32A-4593-9B10-EBB64517E386}.Debug|Any CPU.ActiveCfg = Debug|Any CPU
		{2DD93707-B32A-4593-9B10-EBB64517E386}.Debug|Any CPU.Build.0 = Debug|Any CPU
		{2DD93707-B32A-4593-9B10-EBB64517E386}.Release|Any CPU.ActiveCfg = Release|Any CPU
		{2DD93707-B32A-4593-9B10-EBB64517E386}.Release|Any CPU.Build.0 = Release|Any CPU
	EndGlobalSection
	GlobalSection(SolutionProperties) = preSolution
		HideSolutionNode = FALSE
	EndGlobalSection
	GlobalSection(ExtensibilityGlobals) = postSolution
		SolutionGuid = {5C15D6FA-034C-4606-93CB-05138A506A05}
	EndGlobalSection
EndGlobal
